// !$*UTF8*$!
{
	archiveVersion = 1;
	classes = {
	};
	objectVersion = 45;
	objects = {

/* Begin PBXBuildFile section */
		1D3623260D0F684500981E51 /* DDSocialNetworkClientAppDelegate.m in Sources */ = {isa = PBXBuildFile; fileRef = 1D3623250D0F684500981E51 /* DDSocialNetworkClientAppDelegate.m */; };
		1D60589B0D05DD56006BFB54 /* main.m in Sources */ = {isa = PBXBuildFile; fileRef = 29B97316FDCFA39411CA2CEA /* main.m */; };
		1D60589F0D05DD5A006BFB54 /* Foundation.framework in Frameworks */ = {isa = PBXBuildFile; fileRef = 1D30AB110D05D00D00671497 /* Foundation.framework */; };
		1DF5F4E00D08C38300B7A737 /* UIKit.framework in Frameworks */ = {isa = PBXBuildFile; fileRef = 1DF5F4DF0D08C38300B7A737 /* UIKit.framework */; };
		28AD733F0D9D9553002E5188 /* MainWindow.xib in Resources */ = {isa = PBXBuildFile; fileRef = 28AD733E0D9D9553002E5188 /* MainWindow.xib */; };
		6D1B70411285CDEC00ADB68F /* OAuthSign.m in Sources */ = {isa = PBXBuildFile; fileRef = 6D1B70401285CDEC00ADB68F /* OAuthSign.m */; };
		6DE1A9A4120B566100D385C7 /* DDSocialNetworkTestViewController.m in Sources */ = {isa = PBXBuildFile; fileRef = 6DE1A9A3120B566100D385C7 /* DDSocialNetworkTestViewController.m */; };
		70180CD9120C00430051BDC5 /* CoreLocation.framework in Frameworks */ = {isa = PBXBuildFile; fileRef = 70180CD8120C00430051BDC5 /* CoreLocation.framework */; };
		702212AF1201C85900AC308D /* Security.framework in Frameworks */ = {isa = PBXBuildFile; fileRef = 702212AE1201C85900AC308D /* Security.framework */; };
		705A8F29120B29C200E8CEC9 /* libz.1.2.3.dylib in Frameworks */ = {isa = PBXBuildFile; fileRef = 705A8F28120B29C200E8CEC9 /* libz.1.2.3.dylib */; };
		705A8F33120B29ED00E8CEC9 /* MobileCoreServices.framework in Frameworks */ = {isa = PBXBuildFile; fileRef = 705A8F32120B29ED00E8CEC9 /* MobileCoreServices.framework */; };
		705A8F3F120B2A1600E8CEC9 /* SystemConfiguration.framework in Frameworks */ = {isa = PBXBuildFile; fileRef = 705A8F3E120B2A1600E8CEC9 /* SystemConfiguration.framework */; };
		705A8F62120B2A7200E8CEC9 /* CoreGraphics.framework in Frameworks */ = {isa = PBXBuildFile; fileRef = 705A8F61120B2A7200E8CEC9 /* CoreGraphics.framework */; };
		709DA9DD11FF0D5E00888CDD /* CFNetwork.framework in Frameworks */ = {isa = PBXBuildFile; fileRef = 709DA9DC11FF0D5E00888CDD /* CFNetwork.framework */; };
		709DAB0C11FF1D0B00888CDD /* DDSocialNetworkTestViewController.xib in Resources */ = {isa = PBXBuildFile; fileRef = 709DAB0B11FF1D0B00888CDD /* DDSocialNetworkTestViewController.xib */; };
		70A4A224121C3FCD00B7EBBA /* DDFacebookClient.m in Sources */ = {isa = PBXBuildFile; fileRef = 70A4A1EF121C3FCD00B7EBBA /* DDFacebookClient.m */; };
		70A4A225121C3FCD00B7EBBA /* DDFlickrClient.m in Sources */ = {isa = PBXBuildFile; fileRef = 70A4A1F1121C3FCD00B7EBBA /* DDFlickrClient.m */; };
		70A4A226121C3FCD00B7EBBA /* DDTwitterClient.m in Sources */ = {isa = PBXBuildFile; fileRef = 70A4A1F3121C3FCD00B7EBBA /* DDTwitterClient.m */; };
		70A4A227121C3FCD00B7EBBA /* DDSocialNetworkClient.m in Sources */ = {isa = PBXBuildFile; fileRef = 70A4A1F5121C3FCD00B7EBBA /* DDSocialNetworkClient.m */; };
		70A4A228121C3FCD00B7EBBA /* DDSocialNetworkClientLoginDialog.m in Sources */ = {isa = PBXBuildFile; fileRef = 70A4A1F7121C3FCD00B7EBBA /* DDSocialNetworkClientLoginDialog.m */; };
		70A4A229121C3FCD00B7EBBA /* ASIAuthenticationDialog.m in Sources */ = {isa = PBXBuildFile; fileRef = 70A4A1FB121C3FCD00B7EBBA /* ASIAuthenticationDialog.m */; };
		70A4A22A121C3FCD00B7EBBA /* ASIDownloadCache.m in Sources */ = {isa = PBXBuildFile; fileRef = 70A4A1FE121C3FCD00B7EBBA /* ASIDownloadCache.m */; };
		70A4A22B121C3FCD00B7EBBA /* ASIFormDataRequest.m in Sources */ = {isa = PBXBuildFile; fileRef = 70A4A200121C3FCD00B7EBBA /* ASIFormDataRequest.m */; };
		70A4A22C121C3FCD00B7EBBA /* ASIHTTPRequest.m in Sources */ = {isa = PBXBuildFile; fileRef = 70A4A202121C3FCD00B7EBBA /* ASIHTTPRequest.m */; };
		70A4A22D121C3FCD00B7EBBA /* ASIInputStream.m in Sources */ = {isa = PBXBuildFile; fileRef = 70A4A206121C3FCD00B7EBBA /* ASIInputStream.m */; };
		70A4A22E121C3FCD00B7EBBA /* ASINetworkQueue.m in Sources */ = {isa = PBXBuildFile; fileRef = 70A4A208121C3FCD00B7EBBA /* ASINetworkQueue.m */; };
		70A4A22F121C3FCD00B7EBBA /* NSObject+SBJSON.m in Sources */ = {isa = PBXBuildFile; fileRef = 70A4A20D121C3FCD00B7EBBA /* NSObject+SBJSON.m */; };
		70A4A230121C3FCD00B7EBBA /* NSString+SBJSON.m in Sources */ = {isa = PBXBuildFile; fileRef = 70A4A20F121C3FCD00B7EBBA /* NSString+SBJSON.m */; };
		70A4A231121C3FCD00B7EBBA /* SBJSON.m in Sources */ = {isa = PBXBuildFile; fileRef = 70A4A211121C3FCD00B7EBBA /* SBJSON.m */; };
		70A4A232121C3FCD00B7EBBA /* SBJsonBase.m in Sources */ = {isa = PBXBuildFile; fileRef = 70A4A213121C3FCD00B7EBBA /* SBJsonBase.m */; };
		70A4A233121C3FCD00B7EBBA /* SBJsonParser.m in Sources */ = {isa = PBXBuildFile; fileRef = 70A4A215121C3FCD00B7EBBA /* SBJsonParser.m */; };
		70A4A234121C3FCD00B7EBBA /* SBJsonWriter.m in Sources */ = {isa = PBXBuildFile; fileRef = 70A4A217121C3FCD00B7EBBA /* SBJsonWriter.m */; };
		70A4A235121C3FCD00B7EBBA /* NSString+MD5.m in Sources */ = {isa = PBXBuildFile; fileRef = 70A4A219121C3FCD00B7EBBA /* NSString+MD5.m */; };
		70A4A236121C3FCD00B7EBBA /* Reachability.m in Sources */ = {isa = PBXBuildFile; fileRef = 70A4A21C121C3FCD00B7EBBA /* Reachability.m */; };
		70A4A238121C3FCD00B7EBBA /* OAuthToken.m in Sources */ = {isa = PBXBuildFile; fileRef = 70A4A221121C3FCD00B7EBBA /* OAuthToken.m */; };
		70A4A239121C3FCD00B7EBBA /* ReadMe.rtf in Resources */ = {isa = PBXBuildFile; fileRef = 70A4A222121C3FCD00B7EBBA /* ReadMe.rtf */; };
/* End PBXBuildFile section */

/* Begin PBXFileReference section */
		1D30AB110D05D00D00671497 /* Foundation.framework */ = {isa = PBXFileReference; lastKnownFileType = wrapper.framework; name = Foundation.framework; path = System/Library/Frameworks/Foundation.framework; sourceTree = SDKROOT; };
		1D3623240D0F684500981E51 /* DDSocialNetworkClientAppDelegate.h */ = {isa = PBXFileReference; fileEncoding = 4; lastKnownFileType = sourcecode.c.h; path = DDSocialNetworkClientAppDelegate.h; sourceTree = "<group>"; };
		1D3623250D0F684500981E51 /* DDSocialNetworkClientAppDelegate.m */ = {isa = PBXFileReference; fileEncoding = 4; lastKnownFileType = sourcecode.c.objc; path = DDSocialNetworkClientAppDelegate.m; sourceTree = "<group>"; };
		1D6058910D05DD3D006BFB54 /* DDSocialNetworkClient.app */ = {isa = PBXFileReference; explicitFileType = wrapper.application; includeInIndex = 0; path = DDSocialNetworkClient.app; sourceTree = BUILT_PRODUCTS_DIR; };
		1DF5F4DF0D08C38300B7A737 /* UIKit.framework */ = {isa = PBXFileReference; lastKnownFileType = wrapper.framework; name = UIKit.framework; path = System/Library/Frameworks/UIKit.framework; sourceTree = SDKROOT; };
		28AD733E0D9D9553002E5188 /* MainWindow.xib */ = {isa = PBXFileReference; lastKnownFileType = file.xib; path = MainWindow.xib; sourceTree = "<group>"; };
		29B97316FDCFA39411CA2CEA /* main.m */ = {isa = PBXFileReference; fileEncoding = 4; lastKnownFileType = sourcecode.c.objc; path = main.m; sourceTree = "<group>"; };
		32CA4F630368D1EE00C91783 /* DDSocialNetworkClient_Prefix.pch */ = {isa = PBXFileReference; fileEncoding = 4; lastKnownFileType = sourcecode.c.h; path = DDSocialNetworkClient_Prefix.pch; sourceTree = "<group>"; };
		6D1B703F1285CDEC00ADB68F /* OAuthSign.h */ = {isa = PBXFileReference; fileEncoding = 4; lastKnownFileType = sourcecode.c.h; path = OAuthSign.h; sourceTree = "<group>"; };
		6D1B70401285CDEC00ADB68F /* OAuthSign.m */ = {isa = PBXFileReference; fileEncoding = 4; lastKnownFileType = sourcecode.c.objc; path = OAuthSign.m; sourceTree = "<group>"; };
		6DE1A9A2120B566100D385C7 /* DDSocialNetworkTestViewController.h */ = {isa = PBXFileReference; fileEncoding = 4; lastKnownFileType = sourcecode.c.h; path = DDSocialNetworkTestViewController.h; sourceTree = "<group>"; };
		6DE1A9A3120B566100D385C7 /* DDSocialNetworkTestViewController.m */ = {isa = PBXFileReference; fileEncoding = 4; lastKnownFileType = sourcecode.c.objc; path = DDSocialNetworkTestViewController.m; sourceTree = "<group>"; };
		70180CD8120C00430051BDC5 /* CoreLocation.framework */ = {isa = PBXFileReference; lastKnownFileType = wrapper.framework; name = CoreLocation.framework; path = System/Library/Frameworks/CoreLocation.framework; sourceTree = SDKROOT; };
		702212AE1201C85900AC308D /* Security.framework */ = {isa = PBXFileReference; lastKnownFileType = wrapper.framework; name = Security.framework; path = System/Library/Frameworks/Security.framework; sourceTree = SDKROOT; };
		705A8F28120B29C200E8CEC9 /* libz.1.2.3.dylib */ = {isa = PBXFileReference; lastKnownFileType = "compiled.mach-o.dylib"; name = libz.1.2.3.dylib; path = usr/lib/libz.1.2.3.dylib; sourceTree = SDKROOT; };
		705A8F32120B29ED00E8CEC9 /* MobileCoreServices.framework */ = {isa = PBXFileReference; lastKnownFileType = wrapper.framework; name = MobileCoreServices.framework; path = System/Library/Frameworks/MobileCoreServices.framework; sourceTree = SDKROOT; };
		705A8F3E120B2A1600E8CEC9 /* SystemConfiguration.framework */ = {isa = PBXFileReference; lastKnownFileType = wrapper.framework; name = SystemConfiguration.framework; path = System/Library/Frameworks/SystemConfiguration.framework; sourceTree = SDKROOT; };
		705A8F61120B2A7200E8CEC9 /* CoreGraphics.framework */ = {isa = PBXFileReference; lastKnownFileType = wrapper.framework; name = CoreGraphics.framework; path = System/Library/Frameworks/CoreGraphics.framework; sourceTree = SDKROOT; };
		709DA9DC11FF0D5E00888CDD /* CFNetwork.framework */ = {isa = PBXFileReference; lastKnownFileType = wrapper.framework; name = CFNetwork.framework; path = System/Library/Frameworks/CFNetwork.framework; sourceTree = SDKROOT; };
		709DAB0B11FF1D0B00888CDD /* DDSocialNetworkTestViewController.xib */ = {isa = PBXFileReference; lastKnownFileType = file.xib; path = DDSocialNetworkTestViewController.xib; sourceTree = "<group>"; };
		70A4A1EE121C3FCD00B7EBBA /* DDFacebookClient.h */ = {isa = PBXFileReference; fileEncoding = 4; lastKnownFileType = sourcecode.c.h; path = DDFacebookClient.h; sourceTree = "<group>"; };
		70A4A1EF121C3FCD00B7EBBA /* DDFacebookClient.m */ = {isa = PBXFileReference; fileEncoding = 4; lastKnownFileType = sourcecode.c.objc; path = DDFacebookClient.m; sourceTree = "<group>"; };
		70A4A1F0121C3FCD00B7EBBA /* DDFlickrClient.h */ = {isa = PBXFileReference; fileEncoding = 4; lastKnownFileType = sourcecode.c.h; path = DDFlickrClient.h; sourceTree = "<group>"; };
		70A4A1F1121C3FCD00B7EBBA /* DDFlickrClient.m */ = {isa = PBXFileReference; fileEncoding = 4; lastKnownFileType = sourcecode.c.objc; path = DDFlickrClient.m; sourceTree = "<group>"; };
		70A4A1F2121C3FCD00B7EBBA /* DDTwitterClient.h */ = {isa = PBXFileReference; fileEncoding = 4; lastKnownFileType = sourcecode.c.h; path = DDTwitterClient.h; sourceTree = "<group>"; };
		70A4A1F3121C3FCD00B7EBBA /* DDTwitterClient.m */ = {isa = PBXFileReference; fileEncoding = 4; lastKnownFileType = sourcecode.c.objc; path = DDTwitterClient.m; sourceTree = "<group>"; };
		70A4A1F4121C3FCD00B7EBBA /* DDSocialNetworkClient.h */ = {isa = PBXFileReference; fileEncoding = 4; lastKnownFileType = sourcecode.c.h; path = DDSocialNetworkClient.h; sourceTree = "<group>"; };
		70A4A1F5121C3FCD00B7EBBA /* DDSocialNetworkClient.m */ = {isa = PBXFileReference; fileEncoding = 4; lastKnownFileType = sourcecode.c.objc; path = DDSocialNetworkClient.m; sourceTree = "<group>"; };
		70A4A1F6121C3FCD00B7EBBA /* DDSocialNetworkClientLoginDialog.h */ = {isa = PBXFileReference; fileEncoding = 4; lastKnownFileType = sourcecode.c.h; path = DDSocialNetworkClientLoginDialog.h; sourceTree = "<group>"; };
		70A4A1F7121C3FCD00B7EBBA /* DDSocialNetworkClientLoginDialog.m */ = {isa = PBXFileReference; fileEncoding = 4; lastKnownFileType = sourcecode.c.objc; path = DDSocialNetworkClientLoginDialog.m; sourceTree = "<group>"; };
		70A4A1FA121C3FCD00B7EBBA /* ASIAuthenticationDialog.h */ = {isa = PBXFileReference; fileEncoding = 4; lastKnownFileType = sourcecode.c.h; path = ASIAuthenticationDialog.h; sourceTree = "<group>"; };
		70A4A1FB121C3FCD00B7EBBA /* ASIAuthenticationDialog.m */ = {isa = PBXFileReference; fileEncoding = 4; lastKnownFileType = sourcecode.c.objc; path = ASIAuthenticationDialog.m; sourceTree = "<group>"; };
		70A4A1FC121C3FCD00B7EBBA /* ASICacheDelegate.h */ = {isa = PBXFileReference; fileEncoding = 4; lastKnownFileType = sourcecode.c.h; path = ASICacheDelegate.h; sourceTree = "<group>"; };
		70A4A1FD121C3FCD00B7EBBA /* ASIDownloadCache.h */ = {isa = PBXFileReference; fileEncoding = 4; lastKnownFileType = sourcecode.c.h; path = ASIDownloadCache.h; sourceTree = "<group>"; };
		70A4A1FE121C3FCD00B7EBBA /* ASIDownloadCache.m */ = {isa = PBXFileReference; fileEncoding = 4; lastKnownFileType = sourcecode.c.objc; path = ASIDownloadCache.m; sourceTree = "<group>"; };
		70A4A1FF121C3FCD00B7EBBA /* ASIFormDataRequest.h */ = {isa = PBXFileReference; fileEncoding = 4; lastKnownFileType = sourcecode.c.h; path = ASIFormDataRequest.h; sourceTree = "<group>"; };
		70A4A200121C3FCD00B7EBBA /* ASIFormDataRequest.m */ = {isa = PBXFileReference; fileEncoding = 4; lastKnownFileType = sourcecode.c.objc; path = ASIFormDataRequest.m; sourceTree = "<group>"; };
		70A4A201121C3FCD00B7EBBA /* ASIHTTPRequest.h */ = {isa = PBXFileReference; fileEncoding = 4; lastKnownFileType = sourcecode.c.h; path = ASIHTTPRequest.h; sourceTree = "<group>"; };
		70A4A202121C3FCD00B7EBBA /* ASIHTTPRequest.m */ = {isa = PBXFileReference; fileEncoding = 4; lastKnownFileType = sourcecode.c.objc; path = ASIHTTPRequest.m; sourceTree = "<group>"; };
		70A4A203121C3FCD00B7EBBA /* ASIHTTPRequestConfig.h */ = {isa = PBXFileReference; fileEncoding = 4; lastKnownFileType = sourcecode.c.h; path = ASIHTTPRequestConfig.h; sourceTree = "<group>"; };
		70A4A204121C3FCD00B7EBBA /* ASIHTTPRequestDelegate.h */ = {isa = PBXFileReference; fileEncoding = 4; lastKnownFileType = sourcecode.c.h; path = ASIHTTPRequestDelegate.h; sourceTree = "<group>"; };
		70A4A205121C3FCD00B7EBBA /* ASIInputStream.h */ = {isa = PBXFileReference; fileEncoding = 4; lastKnownFileType = sourcecode.c.h; path = ASIInputStream.h; sourceTree = "<group>"; };
		70A4A206121C3FCD00B7EBBA /* ASIInputStream.m */ = {isa = PBXFileReference; fileEncoding = 4; lastKnownFileType = sourcecode.c.objc; path = ASIInputStream.m; sourceTree = "<group>"; };
		70A4A207121C3FCD00B7EBBA /* ASINetworkQueue.h */ = {isa = PBXFileReference; fileEncoding = 4; lastKnownFileType = sourcecode.c.h; path = ASINetworkQueue.h; sourceTree = "<group>"; };
		70A4A208121C3FCD00B7EBBA /* ASINetworkQueue.m */ = {isa = PBXFileReference; fileEncoding = 4; lastKnownFileType = sourcecode.c.objc; path = ASINetworkQueue.m; sourceTree = "<group>"; };
		70A4A209121C3FCD00B7EBBA /* ASIProgressDelegate.h */ = {isa = PBXFileReference; fileEncoding = 4; lastKnownFileType = sourcecode.c.h; path = ASIProgressDelegate.h; sourceTree = "<group>"; };
		70A4A20B121C3FCD00B7EBBA /* JSON.h */ = {isa = PBXFileReference; fileEncoding = 4; lastKnownFileType = sourcecode.c.h; path = JSON.h; sourceTree = "<group>"; };
		70A4A20C121C3FCD00B7EBBA /* NSObject+SBJSON.h */ = {isa = PBXFileReference; fileEncoding = 4; lastKnownFileType = sourcecode.c.h; path = "NSObject+SBJSON.h"; sourceTree = "<group>"; };
		70A4A20D121C3FCD00B7EBBA /* NSObject+SBJSON.m */ = {isa = PBXFileReference; fileEncoding = 4; lastKnownFileType = sourcecode.c.objc; path = "NSObject+SBJSON.m"; sourceTree = "<group>"; };
		70A4A20E121C3FCD00B7EBBA /* NSString+SBJSON.h */ = {isa = PBXFileReference; fileEncoding = 4; lastKnownFileType = sourcecode.c.h; path = "NSString+SBJSON.h"; sourceTree = "<group>"; };
		70A4A20F121C3FCD00B7EBBA /* NSString+SBJSON.m */ = {isa = PBXFileReference; fileEncoding = 4; lastKnownFileType = sourcecode.c.objc; path = "NSString+SBJSON.m"; sourceTree = "<group>"; };
		70A4A210121C3FCD00B7EBBA /* SBJSON.h */ = {isa = PBXFileReference; fileEncoding = 4; lastKnownFileType = sourcecode.c.h; path = SBJSON.h; sourceTree = "<group>"; };
		70A4A211121C3FCD00B7EBBA /* SBJSON.m */ = {isa = PBXFileReference; fileEncoding = 4; lastKnownFileType = sourcecode.c.objc; path = SBJSON.m; sourceTree = "<group>"; };
		70A4A212121C3FCD00B7EBBA /* SBJsonBase.h */ = {isa = PBXFileReference; fileEncoding = 4; lastKnownFileType = sourcecode.c.h; path = SBJsonBase.h; sourceTree = "<group>"; };
		70A4A213121C3FCD00B7EBBA /* SBJsonBase.m */ = {isa = PBXFileReference; fileEncoding = 4; lastKnownFileType = sourcecode.c.objc; path = SBJsonBase.m; sourceTree = "<group>"; };
		70A4A214121C3FCD00B7EBBA /* SBJsonParser.h */ = {isa = PBXFileReference; fileEncoding = 4; lastKnownFileType = sourcecode.c.h; path = SBJsonParser.h; sourceTree = "<group>"; };
		70A4A215121C3FCD00B7EBBA /* SBJsonParser.m */ = {isa = PBXFileReference; fileEncoding = 4; lastKnownFileType = sourcecode.c.objc; path = SBJsonParser.m; sourceTree = "<group>"; };
		70A4A216121C3FCD00B7EBBA /* SBJsonWriter.h */ = {isa = PBXFileReference; fileEncoding = 4; lastKnownFileType = sourcecode.c.h; path = SBJsonWriter.h; sourceTree = "<group>"; };
		70A4A217121C3FCD00B7EBBA /* SBJsonWriter.m */ = {isa = PBXFileReference; fileEncoding = 4; lastKnownFileType = sourcecode.c.objc; path = SBJsonWriter.m; sourceTree = "<group>"; };
		70A4A218121C3FCD00B7EBBA /* NSString+MD5.h */ = {isa = PBXFileReference; fileEncoding = 4; lastKnownFileType = sourcecode.c.h; path = "NSString+MD5.h"; sourceTree = "<group>"; };
		70A4A219121C3FCD00B7EBBA /* NSString+MD5.m */ = {isa = PBXFileReference; fileEncoding = 4; lastKnownFileType = sourcecode.c.objc; path = "NSString+MD5.m"; sourceTree = "<group>"; };
		70A4A21B121C3FCD00B7EBBA /* Reachability.h */ = {isa = PBXFileReference; fileEncoding = 4; lastKnownFileType = sourcecode.c.h; path = Reachability.h; sourceTree = "<group>"; };
		70A4A21C121C3FCD00B7EBBA /* Reachability.m */ = {isa = PBXFileReference; fileEncoding = 4; lastKnownFileType = sourcecode.c.objc; path = Reachability.m; sourceTree = "<group>"; };
		70A4A220121C3FCD00B7EBBA /* OAuthToken.h */ = {isa = PBXFileReference; fileEncoding = 4; lastKnownFileType = sourcecode.c.h; path = OAuthToken.h; sourceTree = "<group>"; };
		70A4A221121C3FCD00B7EBBA /* OAuthToken.m */ = {isa = PBXFileReference; fileEncoding = 4; lastKnownFileType = sourcecode.c.objc; path = OAuthToken.m; sourceTree = "<group>"; };
		70A4A222121C3FCD00B7EBBA /* ReadMe.rtf */ = {isa = PBXFileReference; lastKnownFileType = text.rtf; path = ReadMe.rtf; sourceTree = "<group>"; };
		8D1107310486CEB800E47090 /* DDSocialNetworkClient-Info.plist */ = {isa = PBXFileReference; fileEncoding = 4; lastKnownFileType = text.plist.xml; path = "DDSocialNetworkClient-Info.plist"; plistStructureDefinitionIdentifier = "com.apple.xcode.plist.structure-definition.iphone.info-plist"; sourceTree = "<group>"; };
/* End PBXFileReference section */

/* Begin PBXFrameworksBuildPhase section */
		1D60588F0D05DD3D006BFB54 /* Frameworks */ = {
			isa = PBXFrameworksBuildPhase;
			buildActionMask = 2147483647;
			files = (
				1D60589F0D05DD5A006BFB54 /* Foundation.framework in Frameworks */,
				1DF5F4E00D08C38300B7A737 /* UIKit.framework in Frameworks */,
				709DA9DD11FF0D5E00888CDD /* CFNetwork.framework in Frameworks */,
				702212AF1201C85900AC308D /* Security.framework in Frameworks */,
				705A8F29120B29C200E8CEC9 /* libz.1.2.3.dylib in Frameworks */,
				705A8F33120B29ED00E8CEC9 /* MobileCoreServices.framework in Frameworks */,
				705A8F3F120B2A1600E8CEC9 /* SystemConfiguration.framework in Frameworks */,
				705A8F62120B2A7200E8CEC9 /* CoreGraphics.framework in Frameworks */,
				70180CD9120C00430051BDC5 /* CoreLocation.framework in Frameworks */,
			);
			runOnlyForDeploymentPostprocessing = 0;
		};
/* End PBXFrameworksBuildPhase section */

/* Begin PBXGroup section */
		080E96DDFE201D6D7F000001 /* Classes */ = {
			isa = PBXGroup;
			children = (
				1D3623240D0F684500981E51 /* DDSocialNetworkClientAppDelegate.h */,
				1D3623250D0F684500981E51 /* DDSocialNetworkClientAppDelegate.m */,
				6DE1A9A2120B566100D385C7 /* DDSocialNetworkTestViewController.h */,
				6DE1A9A3120B566100D385C7 /* DDSocialNetworkTestViewController.m */,
				70A4A1EB121C3FCD00B7EBBA /* Social Network Client Library */,
			);
			path = Classes;
			sourceTree = "<group>";
		};
		19C28FACFE9D520D11CA2CBB /* Products */ = {
			isa = PBXGroup;
			children = (
				1D6058910D05DD3D006BFB54 /* DDSocialNetworkClient.app */,
			);
			name = Products;
			sourceTree = "<group>";
		};
		29B97314FDCFA39411CA2CEA /* CustomTemplate */ = {
			isa = PBXGroup;
			children = (
				080E96DDFE201D6D7F000001 /* Classes */,
				29B97315FDCFA39411CA2CEA /* Other Sources */,
				29B97317FDCFA39411CA2CEA /* Resources */,
				29B97323FDCFA39411CA2CEA /* Frameworks */,
				19C28FACFE9D520D11CA2CBB /* Products */,
			);
			name = CustomTemplate;
			sourceTree = "<group>";
		};
		29B97315FDCFA39411CA2CEA /* Other Sources */ = {
			isa = PBXGroup;
			children = (
				32CA4F630368D1EE00C91783 /* DDSocialNetworkClient_Prefix.pch */,
				29B97316FDCFA39411CA2CEA /* main.m */,
			);
			name = "Other Sources";
			sourceTree = "<group>";
		};
		29B97317FDCFA39411CA2CEA /* Resources */ = {
			isa = PBXGroup;
			children = (
				28AD733E0D9D9553002E5188 /* MainWindow.xib */,
				709DAB0B11FF1D0B00888CDD /* DDSocialNetworkTestViewController.xib */,
				8D1107310486CEB800E47090 /* DDSocialNetworkClient-Info.plist */,
			);
			name = Resources;
			sourceTree = "<group>";
		};
		29B97323FDCFA39411CA2CEA /* Frameworks */ = {
			isa = PBXGroup;
			children = (
				1D30AB110D05D00D00671497 /* Foundation.framework */,
				1DF5F4DF0D08C38300B7A737 /* UIKit.framework */,
				709DA9DC11FF0D5E00888CDD /* CFNetwork.framework */,
				705A8F61120B2A7200E8CEC9 /* CoreGraphics.framework */,
				705A8F32120B29ED00E8CEC9 /* MobileCoreServices.framework */,
				702212AE1201C85900AC308D /* Security.framework */,
				705A8F3E120B2A1600E8CEC9 /* SystemConfiguration.framework */,
				705A8F28120B29C200E8CEC9 /* libz.1.2.3.dylib */,
				70180CD8120C00430051BDC5 /* CoreLocation.framework */,
			);
			name = Frameworks;
			sourceTree = "<group>";
		};
		70A4A1EB121C3FCD00B7EBBA /* Social Network Client Library */ = {
			isa = PBXGroup;
			children = (
				70A4A222121C3FCD00B7EBBA /* ReadMe.rtf */,
				70A4A1F4121C3FCD00B7EBBA /* DDSocialNetworkClient.h */,
				70A4A1F5121C3FCD00B7EBBA /* DDSocialNetworkClient.m */,
				70A4A1F6121C3FCD00B7EBBA /* DDSocialNetworkClientLoginDialog.h */,
				70A4A1F7121C3FCD00B7EBBA /* DDSocialNetworkClientLoginDialog.m */,
				70A4A1ED121C3FCD00B7EBBA /* Client Subclasses */,
				70A4A1F8121C3FCD00B7EBBA /* Helpers */,
				70A4A21D121C3FCD00B7EBBA /* OAuth */,
			);
			path = "Social Network Client Library";
			sourceTree = "<group>";
		};
		70A4A1ED121C3FCD00B7EBBA /* Client Subclasses */ = {
			isa = PBXGroup;
			children = (
				70A4A1EE121C3FCD00B7EBBA /* DDFacebookClient.h */,
				70A4A1EF121C3FCD00B7EBBA /* DDFacebookClient.m */,
				70A4A1F0121C3FCD00B7EBBA /* DDFlickrClient.h */,
				70A4A1F1121C3FCD00B7EBBA /* DDFlickrClient.m */,
				70A4A1F2121C3FCD00B7EBBA /* DDTwitterClient.h */,
				70A4A1F3121C3FCD00B7EBBA /* DDTwitterClient.m */,
			);
			path = "Client Subclasses";
			sourceTree = "<group>";
		};
		70A4A1F8121C3FCD00B7EBBA /* Helpers */ = {
			isa = PBXGroup;
			children = (
				70A4A1F9121C3FCD00B7EBBA /* ASIHTTPRequest */,
				70A4A20A121C3FCD00B7EBBA /* JSON */,
				70A4A218121C3FCD00B7EBBA /* NSString+MD5.h */,
				70A4A219121C3FCD00B7EBBA /* NSString+MD5.m */,
				70A4A21A121C3FCD00B7EBBA /* Reachability */,
			);
			path = Helpers;
			sourceTree = "<group>";
		};
		70A4A1F9121C3FCD00B7EBBA /* ASIHTTPRequest */ = {
			isa = PBXGroup;
			children = (
				70A4A1FA121C3FCD00B7EBBA /* ASIAuthenticationDialog.h */,
				70A4A1FB121C3FCD00B7EBBA /* ASIAuthenticationDialog.m */,
				70A4A1FC121C3FCD00B7EBBA /* ASICacheDelegate.h */,
				70A4A1FD121C3FCD00B7EBBA /* ASIDownloadCache.h */,
				70A4A1FE121C3FCD00B7EBBA /* ASIDownloadCache.m */,
				70A4A1FF121C3FCD00B7EBBA /* ASIFormDataRequest.h */,
				70A4A200121C3FCD00B7EBBA /* ASIFormDataRequest.m */,
				70A4A201121C3FCD00B7EBBA /* ASIHTTPRequest.h */,
				70A4A202121C3FCD00B7EBBA /* ASIHTTPRequest.m */,
				70A4A203121C3FCD00B7EBBA /* ASIHTTPRequestConfig.h */,
				70A4A204121C3FCD00B7EBBA /* ASIHTTPRequestDelegate.h */,
				70A4A205121C3FCD00B7EBBA /* ASIInputStream.h */,
				70A4A206121C3FCD00B7EBBA /* ASIInputStream.m */,
				70A4A207121C3FCD00B7EBBA /* ASINetworkQueue.h */,
				70A4A208121C3FCD00B7EBBA /* ASINetworkQueue.m */,
				70A4A209121C3FCD00B7EBBA /* ASIProgressDelegate.h */,
			);
			path = ASIHTTPRequest;
			sourceTree = "<group>";
		};
		70A4A20A121C3FCD00B7EBBA /* JSON */ = {
			isa = PBXGroup;
			children = (
				70A4A20B121C3FCD00B7EBBA /* JSON.h */,
				70A4A20C121C3FCD00B7EBBA /* NSObject+SBJSON.h */,
				70A4A20D121C3FCD00B7EBBA /* NSObject+SBJSON.m */,
				70A4A20E121C3FCD00B7EBBA /* NSString+SBJSON.h */,
				70A4A20F121C3FCD00B7EBBA /* NSString+SBJSON.m */,
				70A4A210121C3FCD00B7EBBA /* SBJSON.h */,
				70A4A211121C3FCD00B7EBBA /* SBJSON.m */,
				70A4A212121C3FCD00B7EBBA /* SBJsonBase.h */,
				70A4A213121C3FCD00B7EBBA /* SBJsonBase.m */,
				70A4A214121C3FCD00B7EBBA /* SBJsonParser.h */,
				70A4A215121C3FCD00B7EBBA /* SBJsonParser.m */,
				70A4A216121C3FCD00B7EBBA /* SBJsonWriter.h */,
				70A4A217121C3FCD00B7EBBA /* SBJsonWriter.m */,
			);
			path = JSON;
			sourceTree = "<group>";
		};
		70A4A21A121C3FCD00B7EBBA /* Reachability */ = {
			isa = PBXGroup;
			children = (
				70A4A21B121C3FCD00B7EBBA /* Reachability.h */,
				70A4A21C121C3FCD00B7EBBA /* Reachability.m */,
			);
			path = Reachability;
			sourceTree = "<group>";
		};
		70A4A21D121C3FCD00B7EBBA /* OAuth */ = {
			isa = PBXGroup;
			children = (
				6D1B703F1285CDEC00ADB68F /* OAuthSign.h */,
				6D1B70401285CDEC00ADB68F /* OAuthSign.m */,
				70A4A220121C3FCD00B7EBBA /* OAuthToken.h */,
				70A4A221121C3FCD00B7EBBA /* OAuthToken.m */,
			);
			path = OAuth;
			sourceTree = "<group>";
		};
/* End PBXGroup section */

/* Begin PBXNativeTarget section */
		1D6058900D05DD3D006BFB54 /* DDSocialNetworkClient */ = {
			isa = PBXNativeTarget;
			buildConfigurationList = 1D6058960D05DD3E006BFB54 /* Build configuration list for PBXNativeTarget "DDSocialNetworkClient" */;
			buildPhases = (
				1D60588D0D05DD3D006BFB54 /* Resources */,
				1D60588E0D05DD3D006BFB54 /* Sources */,
				1D60588F0D05DD3D006BFB54 /* Frameworks */,
			);
			buildRules = (
			);
			dependencies = (
			);
			name = DDSocialNetworkClient;
			productName = SocialMediaClient;
			productReference = 1D6058910D05DD3D006BFB54 /* DDSocialNetworkClient.app */;
			productType = "com.apple.product-type.application";
		};
/* End PBXNativeTarget section */

/* Begin PBXProject section */
		29B97313FDCFA39411CA2CEA /* Project object */ = {
			isa = PBXProject;
			buildConfigurationList = C01FCF4E08A954540054247B /* Build configuration list for PBXProject "DDSocialNetworkClient" */;
			compatibilityVersion = "Xcode 3.1";
			developmentRegion = English;
			hasScannedForEncodings = 1;
			knownRegions = (
				English,
				Japanese,
				French,
				German,
			);
			mainGroup = 29B97314FDCFA39411CA2CEA /* CustomTemplate */;
			projectDirPath = "";
			projectRoot = "";
			targets = (
				1D6058900D05DD3D006BFB54 /* DDSocialNetworkClient */,
			);
		};
/* End PBXProject section */

/* Begin PBXResourcesBuildPhase section */
		1D60588D0D05DD3D006BFB54 /* Resources */ = {
			isa = PBXResourcesBuildPhase;
			buildActionMask = 2147483647;
			files = (
				28AD733F0D9D9553002E5188 /* MainWindow.xib in Resources */,
				709DAB0C11FF1D0B00888CDD /* DDSocialNetworkTestViewController.xib in Resources */,
				70A4A239121C3FCD00B7EBBA /* ReadMe.rtf in Resources */,
			);
			runOnlyForDeploymentPostprocessing = 0;
		};
/* End PBXResourcesBuildPhase section */

/* Begin PBXSourcesBuildPhase section */
		1D60588E0D05DD3D006BFB54 /* Sources */ = {
			isa = PBXSourcesBuildPhase;
			buildActionMask = 2147483647;
			files = (
				1D60589B0D05DD56006BFB54 /* main.m in Sources */,
				1D3623260D0F684500981E51 /* DDSocialNetworkClientAppDelegate.m in Sources */,
				6DE1A9A4120B566100D385C7 /* DDSocialNetworkTestViewController.m in Sources */,
				70A4A224121C3FCD00B7EBBA /* DDFacebookClient.m in Sources */,
				70A4A225121C3FCD00B7EBBA /* DDFlickrClient.m in Sources */,
				70A4A226121C3FCD00B7EBBA /* DDTwitterClient.m in Sources */,
				70A4A227121C3FCD00B7EBBA /* DDSocialNetworkClient.m in Sources */,
				70A4A228121C3FCD00B7EBBA /* DDSocialNetworkClientLoginDialog.m in Sources */,
				70A4A229121C3FCD00B7EBBA /* ASIAuthenticationDialog.m in Sources */,
				70A4A22A121C3FCD00B7EBBA /* ASIDownloadCache.m in Sources */,
				70A4A22B121C3FCD00B7EBBA /* ASIFormDataRequest.m in Sources */,
				70A4A22C121C3FCD00B7EBBA /* ASIHTTPRequest.m in Sources */,
				70A4A22D121C3FCD00B7EBBA /* ASIInputStream.m in Sources */,
				70A4A22E121C3FCD00B7EBBA /* ASINetworkQueue.m in Sources */,
				70A4A22F121C3FCD00B7EBBA /* NSObject+SBJSON.m in Sources */,
				70A4A230121C3FCD00B7EBBA /* NSString+SBJSON.m in Sources */,
				70A4A231121C3FCD00B7EBBA /* SBJSON.m in Sources */,
				70A4A232121C3FCD00B7EBBA /* SBJsonBase.m in Sources */,
				70A4A233121C3FCD00B7EBBA /* SBJsonParser.m in Sources */,
				70A4A234121C3FCD00B7EBBA /* SBJsonWriter.m in Sources */,
				70A4A235121C3FCD00B7EBBA /* NSString+MD5.m in Sources */,
				70A4A236121C3FCD00B7EBBA /* Reachability.m in Sources */,
				70A4A238121C3FCD00B7EBBA /* OAuthToken.m in Sources */,
				6D1B70411285CDEC00ADB68F /* OAuthSign.m in Sources */,
			);
			runOnlyForDeploymentPostprocessing = 0;
		};
/* End PBXSourcesBuildPhase section */

/* Begin XCBuildConfiguration section */
		1D6058940D05DD3E006BFB54 /* Debug */ = {
			isa = XCBuildConfiguration;
			buildSettings = {
				ALWAYS_SEARCH_USER_PATHS = NO;
				COPY_PHASE_STRIP = NO;
				GCC_DYNAMIC_NO_PIC = NO;
				GCC_OPTIMIZATION_LEVEL = 0;
				GCC_PRECOMPILE_PREFIX_HEADER = YES;
				GCC_PREFIX_HEADER = DDSocialNetworkClient_Prefix.pch;
				INFOPLIST_FILE = "DDSocialNetworkClient-Info.plist";
				PRODUCT_NAME = DDSocialNetworkClient;
			};
			name = Debug;
		};
		1D6058950D05DD3E006BFB54 /* Release */ = {
			isa = XCBuildConfiguration;
			buildSettings = {
				ALWAYS_SEARCH_USER_PATHS = NO;
				COPY_PHASE_STRIP = YES;
				GCC_PRECOMPILE_PREFIX_HEADER = YES;
				GCC_PREFIX_HEADER = DDSocialNetworkClient_Prefix.pch;
				INFOPLIST_FILE = "DDSocialNetworkClient-Info.plist";
				PRODUCT_NAME = DDSocialNetworkClient;
				VALIDATE_PRODUCT = YES;
			};
			name = Release;
		};
		C01FCF4F08A954540054247B /* Debug */ = {
			isa = XCBuildConfiguration;
			buildSettings = {
				ARCHS = "$(ARCHS_STANDARD_32_BIT)";
				"CODE_SIGN_IDENTITY[sdk=iphoneos*]" = "iPhone Developer: Chetan Damani (KBF7YR6JDG)";
				GCC_C_LANGUAGE_STANDARD = c99;
				GCC_WARN_ABOUT_RETURN_TYPE = YES;
				GCC_WARN_UNUSED_VARIABLE = YES;
				IPHONEOS_DEPLOYMENT_TARGET = 3.0;
				PREBINDING = NO;
				"PROVISIONING_PROFILE[sdk=iphoneos*]" = "5C56F783-F809-4D68-8779-4575F817283B";
				SDKROOT = iphoneos4.2;
			};
			name = Debug;
		};
		C01FCF5008A954540054247B /* Release */ = {
			isa = XCBuildConfiguration;
			buildSettings = {
				ARCHS = "$(ARCHS_STANDARD_32_BIT)";
				"CODE_SIGN_IDENTITY[sdk=iphoneos*]" = "iPhone Developer";
				GCC_C_LANGUAGE_STANDARD = c99;
				GCC_WARN_ABOUT_RETURN_TYPE = YES;
				GCC_WARN_UNUSED_VARIABLE = YES;
				OTHER_CFLAGS = "-DNS_BLOCK_ASSERTIONS=1";
				PREBINDING = NO;
				SDKROOT = iphoneos4.0;
			};
			name = Release;
		};
/* End XCBuildConfiguration section */

/* Begin XCConfigurationList section */
		1D6058960D05DD3E006BFB54 /* Build configuration list for PBXNativeTarget "DDSocialNetworkClient" */ = {
			isa = XCConfigurationList;
			buildConfigurations = (
				1D6058940D05DD3E006BFB54 /* Debug */,
				1D6058950D05DD3E006BFB54 /* Release */,
			);
			defaultConfigurationIsVisible = 0;
			defaultConfigurationName = Release;
		};
		C01FCF4E08A954540054247B /* Build configuration list for PBXProject "DDSocialNetworkClient" */ = {
			isa = XCConfigurationList;
			buildConfigurations = (
				C01FCF4F08A954540054247B /* Debug */,
				C01FCF5008A954540054247B /* Release */,
			);
			defaultConfigurationIsVisible = 0;
			defaultConfigurationName = Release;
		};
/* End XCConfigurationList section */
	};
	rootObject = 29B97313FDCFA39411CA2CEA /* Project object */;
}
